
Microsoft Visual Studio Solution File, Format Version 12.00
# Visual Studio Version 17
VisualStudioVersion = 17.0.31912.275
MinimumVisualStudioVersion = 10.0.40219.1
Project("{9A19103F-16F7-4668-BE54-9A1E7A4F7556}") = "Parent_Child_Routine", "Parent_Child_Routine\Parent_Child_Routine.csproj", "{EAA2F7A8-9B30-4FDD-A488-101AF57270A7}"
EndProject
Project("{9A19103F-16F7-4668-BE54-9A1E7A4F7556}") = "DB_and_Hierarchie_Tree", "DB_and_Hierarchie_Tree\DB_and_Hierarchie_Tree.csproj", "{849CF7AE-4C0C-41BD-8085-81EC549668BF}"
EndProject
Project("{FAE04EC0-301F-11D3-BF4B-00C04F79EFBC}") = "Database_and_wpf", "Database_and_wpf\Database_and_wpf.csproj", "{6D12923C-4A6C-40B6-A422-3B2D424D327B}"
EndProject
Global
	GlobalSection(SolutionConfigurationPlatforms) = preSolution
		Debug|Any CPU = Debug|Any CPU
		Release|Any CPU = Release|Any CPU
	EndGlobalSection
	GlobalSection(ProjectConfigurationPlatforms) = postSolution
		{EAA2F7A8-9B30-4FDD-A488-101AF57270A7}.Debug|Any CPU.ActiveCfg = Debug|Any CPU
		{EAA2F7A8-9B30-4FDD-A488-101AF57270A7}.Debug|Any CPU.Build.0 = Debug|Any CPU
		{EAA2F7A8-9B30-4FDD-A488-101AF57270A7}.Release|Any CPU.ActiveCfg = Release|Any CPU
		{EAA2F7A8-9B30-4FDD-A488-101AF57270A7}.Release|Any CPU.Build.0 = Release|Any CPU
		{849CF7AE-4C0C-41BD-8085-81EC549668BF}.Debug|Any CPU.ActiveCfg = Debug|Any CPU
		{849CF7AE-4C0C-41BD-8085-81EC549668BF}.Debug|Any CPU.Build.0 = Debug|Any CPU
		{849CF7AE-4C0C-41BD-8085-81EC549668BF}.Release|Any CPU.ActiveCfg = Release|Any CPU
		{849CF7AE-4C0C-41BD-8085-81EC549668BF}.Release|Any CPU.Build.0 = Release|Any CPU
		{6D12923C-4A6C-40B6-A422-3B2D424D327B}.Debug|Any CPU.ActiveCfg = Debug|Any CPU
		{6D12923C-4A6C-40B6-A422-3B2D424D327B}.Debug|Any CPU.Build.0 = Debug|Any CPU
		{6D12923C-4A6C-40B6-A422-3B2D424D327B}.Release|Any CPU.ActiveCfg = Release|Any CPU
		{6D12923C-4A6C-40B6-A422-3B2D424D327B}.Release|Any CPU.Build.0 = Release|Any CPU
	EndGlobalSection
	GlobalSection(SolutionProperties) = preSolution
		HideSolutionNode = FALSE
	EndGlobalSection
	GlobalSection(ExtensibilityGlobals) = postSolution
		SolutionGuid = {E2104F02-E6D8-4BCA-8F6C-DAA88BAFD8DB}
	EndGlobalSection
EndGlobal
